
Microsoft Visual Studio Solution File, Format Version 12.00
# Visual Studio Version 16
VisualStudioVersion = 16.0.29519.87
MinimumVisualStudioVersion = 10.0.40219.1
Project("{FAE04EC0-301F-11D3-BF4B-00C04F79EFBC}") = "MarathonSkills.WpfApp", "MarathonSkills.WpfApp\MarathonSkills.WpfApp.csproj", "{C95897E4-1F30-4CF0-B072-4505DB0AE620}"
EndProject
Global
	GlobalSection(SolutionConfigurationPlatforms) = preSolution
		Debug|Any CPU = Debug|Any CPU
		Release|Any CPU = Release|Any CPU
	EndGlobalSection
	GlobalSection(ProjectConfigurationPlatforms) = postSolution
		{C95897E4-1F30-4CF0-B072-4505DB0AE620}.Debug|Any CPU.ActiveCfg = Debug|Any CPU
		{C95897E4-1F30-4CF0-B072-4505DB0AE620}.Debug|Any CPU.Build.0 = Debug|Any CPU
		{C95897E4-1F30-4CF0-B072-4505DB0AE620}.Release|Any CPU.ActiveCfg = Release|Any CPU
		{C95897E4-1F30-4CF0-B072-4505DB0AE620}.Release|Any CPU.Build.0 = Release|Any CPU
	EndGlobalSection
	GlobalSection(SolutionProperties) = preSolution
		HideSolutionNode = FALSE
	EndGlobalSection
	GlobalSection(ExtensibilityGlobals) = postSolution
		SolutionGuid = {4BD90E7F-44BC-4251-B408-6C2980E77528}
	EndGlobalSection
EndGlobal
